
Microsoft Visual Studio Solution File, Format Version 12.00
# Visual Studio Version 17
VisualStudioVersion = 17.0.31903.59
MinimumVisualStudioVersion = 10.0.40219.1
Project("{FAE04EC0-301F-11D3-BF4B-00C04F79EFBC}") = "BattleshipsGame.Api", "BattleshipsGame.Api\BattleshipsGame.Api.csproj", "{5C30498C-B516-4FC0-9248-7A7F02773527}"
EndProject
Project("{FAE04EC0-301F-11D3-BF4B-00C04F79EFBC}") = "BattleshipsGame.Client", "BattleshipsGame.Client\BattleshipsGame.Client.csproj", "{3A719EBE-B989-4B82-BFA5-A9B33BC99FD0}"
EndProject
Project("{FAE04EC0-301F-11D3-BF4B-00C04F79EFBC}") = "BattleshipsGame.Tests", "BattleshipsGame.Tests\BattleshipsGame.Tests.csproj", "{7C275C05-326D-490E-9492-BB82CC4086B9}"
EndProject
Global
	GlobalSection(SolutionConfigurationPlatforms) = preSolution
		Debug|Any CPU = Debug|Any CPU
		Debug|x64 = Debug|x64
		Debug|x86 = Debug|x86
		Release|Any CPU = Release|Any CPU
		Release|x64 = Release|x64
		Release|x86 = Release|x86
	EndGlobalSection
	GlobalSection(ProjectConfigurationPlatforms) = postSolution
		{5C30498C-B516-4FC0-9248-7A7F02773527}.Debug|Any CPU.ActiveCfg = Debug|Any CPU
		{5C30498C-B516-4FC0-9248-7A7F02773527}.Debug|Any CPU.Build.0 = Debug|Any CPU
		{5C30498C-B516-4FC0-9248-7A7F02773527}.Debug|x64.ActiveCfg = Debug|Any CPU
		{5C30498C-B516-4FC0-9248-7A7F02773527}.Debug|x64.Build.0 = Debug|Any CPU
		{5C30498C-B516-4FC0-9248-7A7F02773527}.Debug|x86.ActiveCfg = Debug|Any CPU
		{5C30498C-B516-4FC0-9248-7A7F02773527}.Debug|x86.Build.0 = Debug|Any CPU
		{5C30498C-B516-4FC0-9248-7A7F02773527}.Release|Any CPU.ActiveCfg = Release|Any CPU
		{5C30498C-B516-4FC0-9248-7A7F02773527}.Release|Any CPU.Build.0 = Release|Any CPU
		{5C30498C-B516-4FC0-9248-7A7F02773527}.Release|x64.ActiveCfg = Release|Any CPU
		{5C30498C-B516-4FC0-9248-7A7F02773527}.Release|x64.Build.0 = Release|Any CPU
		{5C30498C-B516-4FC0-9248-7A7F02773527}.Release|x86.ActiveCfg = Release|Any CPU
		{5C30498C-B516-4FC0-9248-7A7F02773527}.Release|x86.Build.0 = Release|Any CPU
		{3A719EBE-B989-4B82-BFA5-A9B33BC99FD0}.Debug|Any CPU.ActiveCfg = Debug|Any CPU
		{3A719EBE-B989-4B82-BFA5-A9B33BC99FD0}.Debug|Any CPU.Build.0 = Debug|Any CPU
		{3A719EBE-B989-4B82-BFA5-A9B33BC99FD0}.Debug|x64.ActiveCfg = Debug|Any CPU
		{3A719EBE-B989-4B82-BFA5-A9B33BC99FD0}.Debug|x64.Build.0 = Debug|Any CPU
		{3A719EBE-B989-4B82-BFA5-A9B33BC99FD0}.Debug|x86.ActiveCfg = Debug|Any CPU
		{3A719EBE-B989-4B82-BFA5-A9B33BC99FD0}.Debug|x86.Build.0 = Debug|Any CPU
		{3A719EBE-B989-4B82-BFA5-A9B33BC99FD0}.Release|Any CPU.ActiveCfg = Release|Any CPU
		{3A719EBE-B989-4B82-BFA5-A9B33BC99FD0}.Release|Any CPU.Build.0 = Release|Any CPU
		{3A719EBE-B989-4B82-BFA5-A9B33BC99FD0}.Release|x64.ActiveCfg = Release|Any CPU
		{3A719EBE-B989-4B82-BFA5-A9B33BC99FD0}.Release|x64.Build.0 = Release|Any CPU
		{3A719EBE-B989-4B82-BFA5-A9B33BC99FD0}.Release|x86.ActiveCfg = Release|Any CPU
		{3A719EBE-B989-4B82-BFA5-A9B33BC99FD0}.Release|x86.Build.0 = Release|Any CPU
		{7C275C05-326D-490E-9492-BB82CC4086B9}.Debug|Any CPU.ActiveCfg = Debug|Any CPU
		{7C275C05-326D-490E-9492-BB82CC4086B9}.Debug|Any CPU.Build.0 = Debug|Any CPU
		{7C275C05-326D-490E-9492-BB82CC4086B9}.Debug|x64.ActiveCfg = Debug|Any CPU
		{7C275C05-326D-490E-9492-BB82CC4086B9}.Debug|x64.Build.0 = Debug|Any CPU
		{7C275C05-326D-490E-9492-BB82CC4086B9}.Debug|x86.ActiveCfg = Debug|Any CPU
		{7C275C05-326D-490E-9492-BB82CC4086B9}.Debug|x86.Build.0 = Debug|Any CPU
		{7C275C05-326D-490E-9492-BB82CC4086B9}.Release|Any CPU.ActiveCfg = Release|Any CPU
		{7C275C05-326D-490E-9492-BB82CC4086B9}.Release|Any CPU.Build.0 = Release|Any CPU
		{7C275C05-326D-490E-9492-BB82CC4086B9}.Release|x64.ActiveCfg = Release|Any CPU
		{7C275C05-326D-490E-9492-BB82CC4086B9}.Release|x64.Build.0 = Release|Any CPU
		{7C275C05-326D-490E-9492-BB82CC4086B9}.Release|x86.ActiveCfg = Release|Any CPU
		{7C275C05-326D-490E-9492-BB82CC4086B9}.Release|x86.Build.0 = Release|Any CPU
	EndGlobalSection
	GlobalSection(SolutionProperties) = preSolution
		HideSolutionNode = FALSE
	EndGlobalSection
EndGlobal
